
Microsoft Visual Studio Solution File, Format Version 12.00
# Visual Studio Version 17
VisualStudioVersion = 17.11.35222.181
MinimumVisualStudioVersion = 10.0.40219.1
Project("{FAE04EC0-301F-11D3-BF4B-00C04F79EFBC}") = "Movies", "Movies\Movies.csproj", "{1C6743DD-D1B6-440B-827E-C9892FCBAECC}"
EndProject
Global
	GlobalSection(SolutionConfigurationPlatforms) = preSolution
		Debug|Any CPU = Debug|Any CPU
		Release|Any CPU = Release|Any CPU
	EndGlobalSection
	GlobalSection(ProjectConfigurationPlatforms) = postSolution
		{1C6743DD-D1B6-440B-827E-C9892FCBAECC}.Debug|Any CPU.ActiveCfg = Debug|Any CPU
		{1C6743DD-D1B6-440B-827E-C9892FCBAECC}.Debug|Any CPU.Build.0 = Debug|Any CPU
		{1C6743DD-D1B6-440B-827E-C9892FCBAECC}.Release|Any CPU.ActiveCfg = Release|Any CPU
		{1C6743DD-D1B6-440B-827E-C9892FCBAECC}.Release|Any CPU.Build.0 = Release|Any CPU
	EndGlobalSection
	GlobalSection(SolutionProperties) = preSolution
		HideSolutionNode = FALSE
	EndGlobalSection
	GlobalSection(ExtensibilityGlobals) = postSolution
		SolutionGuid = {0C1234BB-407E-4F01-8BC8-BEB16ECDFAF6}
	EndGlobalSection
EndGlobal
